
Microsoft Visual Studio Solution File, Format Version 11.00
# Visual Studio 2010
Project("{FAE04EC0-301F-11D3-BF4B-00C04F79EFBC}") = "Assembly-CSharp", "Assembly-CSharp.csproj", "{46DA4A96-8A1E-9F8E-9888-1907D6F711D8}"
EndProject
Project("{FAE04EC0-301F-11D3-BF4B-00C04F79EFBC}") = "Unity.2D.Tilemap.Extras", "Unity.2D.Tilemap.Extras.csproj", "{771F91A0-96F6-C493-47B5-89DE6970274D}"
EndProject
Project("{FAE04EC0-301F-11D3-BF4B-00C04F79EFBC}") = "Unity.2D.Tilemap.Extras.Editor", "Unity.2D.Tilemap.Extras.Editor.csproj", "{2F556E8C-9CC9-3346-9AAA-F129D4F7002F}"
EndProject
Global
	GlobalSection(SolutionConfigurationPlatforms) = preSolution
		Debug|Any CPU = Debug|Any CPU
		Release|Any CPU = Release|Any CPU
	EndGlobalSection
	GlobalSection(ProjectConfigurationPlatforms) = postSolution
		{46DA4A96-8A1E-9F8E-9888-1907D6F711D8}.Debug|Any CPU.ActiveCfg = Debug|Any CPU
		{46DA4A96-8A1E-9F8E-9888-1907D6F711D8}.Debug|Any CPU.Build.0 = Debug|Any CPU
		{46DA4A96-8A1E-9F8E-9888-1907D6F711D8}.Release|Any CPU.ActiveCfg = Release|Any CPU
		{46DA4A96-8A1E-9F8E-9888-1907D6F711D8}.Release|Any CPU.Build.0 = Release|Any CPU
		{771F91A0-96F6-C493-47B5-89DE6970274D}.Debug|Any CPU.ActiveCfg = Debug|Any CPU
		{771F91A0-96F6-C493-47B5-89DE6970274D}.Debug|Any CPU.Build.0 = Debug|Any CPU
		{771F91A0-96F6-C493-47B5-89DE6970274D}.Release|Any CPU.ActiveCfg = Release|Any CPU
		{771F91A0-96F6-C493-47B5-89DE6970274D}.Release|Any CPU.Build.0 = Release|Any CPU
		{2F556E8C-9CC9-3346-9AAA-F129D4F7002F}.Debug|Any CPU.ActiveCfg = Debug|Any CPU
		{2F556E8C-9CC9-3346-9AAA-F129D4F7002F}.Debug|Any CPU.Build.0 = Debug|Any CPU
		{2F556E8C-9CC9-3346-9AAA-F129D4F7002F}.Release|Any CPU.ActiveCfg = Release|Any CPU
		{2F556E8C-9CC9-3346-9AAA-F129D4F7002F}.Release|Any CPU.Build.0 = Release|Any CPU
	EndGlobalSection
	GlobalSection(SolutionProperties) = preSolution
		HideSolutionNode = FALSE
	EndGlobalSection
EndGlobal
